
Microsoft Visual Studio Solution File, Format Version 12.00
# Visual Studio 15
VisualStudioVersion = 15.0.28307.1585
MinimumVisualStudioVersion = 10.0.40219.1
Project("{FAE04EC0-301F-11D3-BF4B-00C04F79EFBC}") = "NetSnake", "NetSnake\NetSnake.csproj", "{B52DCD31-223B-45DB-A6ED-6B9230034033}"
EndProject
Global
	GlobalSection(SolutionConfigurationPlatforms) = preSolution
		Debug|Any CPU = Debug|Any CPU
		Release|Any CPU = Release|Any CPU
	EndGlobalSection
	GlobalSection(ProjectConfigurationPlatforms) = postSolution
		{B52DCD31-223B-45DB-A6ED-6B9230034033}.Debug|Any CPU.ActiveCfg = Debug|Any CPU
		{B52DCD31-223B-45DB-A6ED-6B9230034033}.Debug|Any CPU.Build.0 = Debug|Any CPU
		{B52DCD31-223B-45DB-A6ED-6B9230034033}.Release|Any CPU.ActiveCfg = Release|Any CPU
		{B52DCD31-223B-45DB-A6ED-6B9230034033}.Release|Any CPU.Build.0 = Release|Any CPU
	EndGlobalSection
	GlobalSection(SolutionProperties) = preSolution
		HideSolutionNode = FALSE
	EndGlobalSection
	GlobalSection(ExtensibilityGlobals) = postSolution
		SolutionGuid = {7B2CA2FE-D72F-447D-8723-6417DB6E0509}
	EndGlobalSection
EndGlobal
